
Microsoft Visual Studio Solution File, Format Version 12.00
Project("{FAE04EC0-301F-11D3-BF4B-00C04F79EFBC}") = "Day1", "Day1\Day1.csproj", "{0719813F-C55C-4D62-B263-497C534A571E}"
EndProject
Global
	GlobalSection(SolutionConfigurationPlatforms) = preSolution
		Debug|Any CPU = Debug|Any CPU
		Release|Any CPU = Release|Any CPU
	EndGlobalSection
	GlobalSection(ProjectConfigurationPlatforms) = postSolution
		{0719813F-C55C-4D62-B263-497C534A571E}.Debug|Any CPU.ActiveCfg = Debug|Any CPU
		{0719813F-C55C-4D62-B263-497C534A571E}.Debug|Any CPU.Build.0 = Debug|Any CPU
		{0719813F-C55C-4D62-B263-497C534A571E}.Release|Any CPU.ActiveCfg = Release|Any CPU
		{0719813F-C55C-4D62-B263-497C534A571E}.Release|Any CPU.Build.0 = Release|Any CPU
	EndGlobalSection
EndGlobal
