
Microsoft Visual Studio Solution File, Format Version 12.00
Project("{FAE04EC0-301F-11D3-BF4B-00C04F79EFBC}") = "Day1", "Day1\Day1.csproj", "{0719813F-C55C-4D62-B263-497C534A571E}"
EndProject
Project("{FAE04EC0-301F-11D3-BF4B-00C04F79EFBC}") = "Day2", "Day2\Day2.csproj", "{C8436599-9B9E-4AB9-9B8F-FF92DD14F8A7}"
EndProject
Project("{FAE04EC0-301F-11D3-BF4B-00C04F79EFBC}") = "Day3", "Day3\Day3.csproj", "{8122D985-D892-4D9C-9C6F-77B93A2D850C}"
EndProject
Project("{FAE04EC0-301F-11D3-BF4B-00C04F79EFBC}") = "Day4", "Day4\Day4.csproj", "{C26B20C8-4DE4-4C96-848F-4DC994621597}"
EndProject
Project("{FAE04EC0-301F-11D3-BF4B-00C04F79EFBC}") = "Day5", "Day5\Day5.csproj", "{A7F63E62-B904-4C2C-AF87-6F6672104DD6}"
EndProject
Project("{FAE04EC0-301F-11D3-BF4B-00C04F79EFBC}") = "Day6", "Day6\Day6.csproj", "{9537F64A-832C-45FE-B15F-02BABC97DD44}"
EndProject
Project("{FAE04EC0-301F-11D3-BF4B-00C04F79EFBC}") = "Day7", "Day7\Day7.csproj", "{8B285E64-1419-4757-83B6-11B39C401A25}"
EndProject
Project("{FAE04EC0-301F-11D3-BF4B-00C04F79EFBC}") = "Day8", "Day8\Day8.csproj", "{46EF0C57-B2ED-44D6-AD60-EA5F37DD75D0}"
EndProject
Global
	GlobalSection(SolutionConfigurationPlatforms) = preSolution
		Debug|Any CPU = Debug|Any CPU
		Release|Any CPU = Release|Any CPU
	EndGlobalSection
	GlobalSection(ProjectConfigurationPlatforms) = postSolution
		{0719813F-C55C-4D62-B263-497C534A571E}.Debug|Any CPU.ActiveCfg = Debug|Any CPU
		{0719813F-C55C-4D62-B263-497C534A571E}.Debug|Any CPU.Build.0 = Debug|Any CPU
		{0719813F-C55C-4D62-B263-497C534A571E}.Release|Any CPU.ActiveCfg = Release|Any CPU
		{0719813F-C55C-4D62-B263-497C534A571E}.Release|Any CPU.Build.0 = Release|Any CPU
		{C8436599-9B9E-4AB9-9B8F-FF92DD14F8A7}.Debug|Any CPU.ActiveCfg = Debug|Any CPU
		{C8436599-9B9E-4AB9-9B8F-FF92DD14F8A7}.Debug|Any CPU.Build.0 = Debug|Any CPU
		{C8436599-9B9E-4AB9-9B8F-FF92DD14F8A7}.Release|Any CPU.ActiveCfg = Release|Any CPU
		{C8436599-9B9E-4AB9-9B8F-FF92DD14F8A7}.Release|Any CPU.Build.0 = Release|Any CPU
		{8122D985-D892-4D9C-9C6F-77B93A2D850C}.Debug|Any CPU.ActiveCfg = Debug|Any CPU
		{8122D985-D892-4D9C-9C6F-77B93A2D850C}.Debug|Any CPU.Build.0 = Debug|Any CPU
		{8122D985-D892-4D9C-9C6F-77B93A2D850C}.Release|Any CPU.ActiveCfg = Release|Any CPU
		{8122D985-D892-4D9C-9C6F-77B93A2D850C}.Release|Any CPU.Build.0 = Release|Any CPU
		{C26B20C8-4DE4-4C96-848F-4DC994621597}.Debug|Any CPU.ActiveCfg = Debug|Any CPU
		{C26B20C8-4DE4-4C96-848F-4DC994621597}.Debug|Any CPU.Build.0 = Debug|Any CPU
		{C26B20C8-4DE4-4C96-848F-4DC994621597}.Release|Any CPU.ActiveCfg = Release|Any CPU
		{C26B20C8-4DE4-4C96-848F-4DC994621597}.Release|Any CPU.Build.0 = Release|Any CPU
		{A7F63E62-B904-4C2C-AF87-6F6672104DD6}.Debug|Any CPU.ActiveCfg = Debug|Any CPU
		{A7F63E62-B904-4C2C-AF87-6F6672104DD6}.Debug|Any CPU.Build.0 = Debug|Any CPU
		{A7F63E62-B904-4C2C-AF87-6F6672104DD6}.Release|Any CPU.ActiveCfg = Release|Any CPU
		{A7F63E62-B904-4C2C-AF87-6F6672104DD6}.Release|Any CPU.Build.0 = Release|Any CPU
		{9537F64A-832C-45FE-B15F-02BABC97DD44}.Debug|Any CPU.ActiveCfg = Debug|Any CPU
		{9537F64A-832C-45FE-B15F-02BABC97DD44}.Debug|Any CPU.Build.0 = Debug|Any CPU
		{9537F64A-832C-45FE-B15F-02BABC97DD44}.Release|Any CPU.ActiveCfg = Release|Any CPU
		{9537F64A-832C-45FE-B15F-02BABC97DD44}.Release|Any CPU.Build.0 = Release|Any CPU
		{8B285E64-1419-4757-83B6-11B39C401A25}.Debug|Any CPU.ActiveCfg = Debug|Any CPU
		{8B285E64-1419-4757-83B6-11B39C401A25}.Debug|Any CPU.Build.0 = Debug|Any CPU
		{8B285E64-1419-4757-83B6-11B39C401A25}.Release|Any CPU.ActiveCfg = Release|Any CPU
		{8B285E64-1419-4757-83B6-11B39C401A25}.Release|Any CPU.Build.0 = Release|Any CPU
		{46EF0C57-B2ED-44D6-AD60-EA5F37DD75D0}.Debug|Any CPU.ActiveCfg = Debug|Any CPU
		{46EF0C57-B2ED-44D6-AD60-EA5F37DD75D0}.Debug|Any CPU.Build.0 = Debug|Any CPU
		{46EF0C57-B2ED-44D6-AD60-EA5F37DD75D0}.Release|Any CPU.ActiveCfg = Release|Any CPU
		{46EF0C57-B2ED-44D6-AD60-EA5F37DD75D0}.Release|Any CPU.Build.0 = Release|Any CPU
	EndGlobalSection
EndGlobal
